<Solution>
  <Folder Name="/src/">
    <Project Path="src/AgoraFold.Core/AgoraFold.Core.csproj" />
    <Project Path="src/AgoraFold.Mvc/AgoraFold.Mvc.csproj" />
    <Project Path="src/AgoraFold.RazorPages/AgoraFold.RazorPages.csproj" />
    <Project Path="src/AgoraFold.WebApi/AgoraFold.WebApi.csproj" />
    <Project Path="src/AgoraFold.Htmx/AgoraFold.Htmx.csproj" />
  </Folder>
</Solution>
